// !$*UTF8*$!
{
	archiveVersion = 1;
	classes = {
	};
	objectVersion = 55;
	objects = {

/* Begin PBXBuildFile section */
		60837900B94A3BA3FAD3AED3 /* Pods_Diary.framework in Frameworks */ = {isa = PBXBuildFile; fileRef = D8932B2F049E5387B293FA31 /* Pods_Diary.framework */; };
		AEC65ED429C098C8006E8177 /* AppDelegate.swift in Sources */ = {isa = PBXBuildFile; fileRef = AEC65ED329C098C8006E8177 /* AppDelegate.swift */; };
		AEC65ED629C098C8006E8177 /* SceneDelegate.swift in Sources */ = {isa = PBXBuildFile; fileRef = AEC65ED529C098C8006E8177 /* SceneDelegate.swift */; };
		AEC65ED829C098C8006E8177 /* MainViewController.swift in Sources */ = {isa = PBXBuildFile; fileRef = AEC65ED729C098C8006E8177 /* MainViewController.swift */; };
		AEC65EDE29C098C8006E8177 /* DiaryDAO.xcdatamodeld in Sources */ = {isa = PBXBuildFile; fileRef = AEC65EDC29C098C8006E8177 /* DiaryDAO.xcdatamodeld */; };
		AEC65EE029C098C9006E8177 /* Assets.xcassets in Resources */ = {isa = PBXBuildFile; fileRef = AEC65EDF29C098C9006E8177 /* Assets.xcassets */; };
		AEC65EE329C098C9006E8177 /* LaunchScreen.storyboard in Resources */ = {isa = PBXBuildFile; fileRef = AEC65EE129C098C9006E8177 /* LaunchScreen.storyboard */; };
		AEE5A9A429D418AD00902999 /* MainViewModel.swift in Sources */ = {isa = PBXBuildFile; fileRef = AEE5A9A329D418AD00902999 /* MainViewModel.swift */; };
		AEEF099C29C09BA00029CC46 /* Diary.swift in Sources */ = {isa = PBXBuildFile; fileRef = AEEF099B29C09BA00029CC46 /* Diary.swift */; };
		AEEF099F29C09C400029CC46 /* CoreDataManager.swift in Sources */ = {isa = PBXBuildFile; fileRef = AEEF099E29C09C400029CC46 /* CoreDataManager.swift */; };
		AEEF09A129C09D870029CC46 /* CoreDataManageable.swift in Sources */ = {isa = PBXBuildFile; fileRef = AEEF09A029C09D870029CC46 /* CoreDataManageable.swift */; };
/* End PBXBuildFile section */

/* Begin PBXFileReference section */
		3A5636881F635071074A7595 /* Pods-Diary.release.xcconfig */ = {isa = PBXFileReference; includeInIndex = 1; lastKnownFileType = text.xcconfig; name = "Pods-Diary.release.xcconfig"; path = "Target Support Files/Pods-Diary/Pods-Diary.release.xcconfig"; sourceTree = "<group>"; };
		67F72A0F8089FF02FEF4CBCA /* Pods-Diary.debug.xcconfig */ = {isa = PBXFileReference; includeInIndex = 1; lastKnownFileType = text.xcconfig; name = "Pods-Diary.debug.xcconfig"; path = "Target Support Files/Pods-Diary/Pods-Diary.debug.xcconfig"; sourceTree = "<group>"; };
		AEC65ED029C098C8006E8177 /* Diary.app */ = {isa = PBXFileReference; explicitFileType = wrapper.application; includeInIndex = 0; path = Diary.app; sourceTree = BUILT_PRODUCTS_DIR; };
		AEC65ED329C098C8006E8177 /* AppDelegate.swift */ = {isa = PBXFileReference; lastKnownFileType = sourcecode.swift; path = AppDelegate.swift; sourceTree = "<group>"; };
		AEC65ED529C098C8006E8177 /* SceneDelegate.swift */ = {isa = PBXFileReference; lastKnownFileType = sourcecode.swift; path = SceneDelegate.swift; sourceTree = "<group>"; };
		AEC65ED729C098C8006E8177 /* MainViewController.swift */ = {isa = PBXFileReference; lastKnownFileType = sourcecode.swift; path = MainViewController.swift; sourceTree = "<group>"; };
		AEC65EDD29C098C8006E8177 /* Diary.xcdatamodel */ = {isa = PBXFileReference; lastKnownFileType = wrapper.xcdatamodel; path = Diary.xcdatamodel; sourceTree = "<group>"; };
		AEC65EDF29C098C9006E8177 /* Assets.xcassets */ = {isa = PBXFileReference; lastKnownFileType = folder.assetcatalog; path = Assets.xcassets; sourceTree = "<group>"; };
		AEC65EE229C098C9006E8177 /* Base */ = {isa = PBXFileReference; lastKnownFileType = file.storyboard; name = Base; path = Base.lproj/LaunchScreen.storyboard; sourceTree = "<group>"; };
		AEC65EE429C098C9006E8177 /* Info.plist */ = {isa = PBXFileReference; lastKnownFileType = text.plist.xml; path = Info.plist; sourceTree = "<group>"; };
		AEE5A9A329D418AD00902999 /* MainViewModel.swift */ = {isa = PBXFileReference; lastKnownFileType = sourcecode.swift; path = MainViewModel.swift; sourceTree = "<group>"; };
		AEEF099B29C09BA00029CC46 /* Diary.swift */ = {isa = PBXFileReference; lastKnownFileType = sourcecode.swift; path = Diary.swift; sourceTree = "<group>"; };
		AEEF099E29C09C400029CC46 /* CoreDataManager.swift */ = {isa = PBXFileReference; lastKnownFileType = sourcecode.swift; path = CoreDataManager.swift; sourceTree = "<group>"; };
		AEEF09A029C09D870029CC46 /* CoreDataManageable.swift */ = {isa = PBXFileReference; lastKnownFileType = sourcecode.swift; path = CoreDataManageable.swift; sourceTree = "<group>"; };
		D8932B2F049E5387B293FA31 /* Pods_Diary.framework */ = {isa = PBXFileReference; explicitFileType = wrapper.framework; includeInIndex = 0; path = Pods_Diary.framework; sourceTree = BUILT_PRODUCTS_DIR; };
/* End PBXFileReference section */

/* Begin PBXFrameworksBuildPhase section */
		AEC65ECD29C098C8006E8177 /* Frameworks */ = {
			isa = PBXFrameworksBuildPhase;
			buildActionMask = 2147483647;
			files = (
				60837900B94A3BA3FAD3AED3 /* Pods_Diary.framework in Frameworks */,
			);
			runOnlyForDeploymentPostprocessing = 0;
		};
/* End PBXFrameworksBuildPhase section */

/* Begin PBXGroup section */
		4877A971DBE91F529FB629CE /* Frameworks */ = {
			isa = PBXGroup;
			children = (
				D8932B2F049E5387B293FA31 /* Pods_Diary.framework */,
			);
			name = Frameworks;
			sourceTree = "<group>";
		};
		6BD566F2035EEAFEBA79E1A6 /* Pods */ = {
			isa = PBXGroup;
			children = (
				67F72A0F8089FF02FEF4CBCA /* Pods-Diary.debug.xcconfig */,
				3A5636881F635071074A7595 /* Pods-Diary.release.xcconfig */,
			);
			path = Pods;
			sourceTree = "<group>";
		};
		AEC65EC729C098C8006E8177 = {
			isa = PBXGroup;
			children = (
				AEC65ED229C098C8006E8177 /* Diary */,
				AEC65ED129C098C8006E8177 /* Products */,
				6BD566F2035EEAFEBA79E1A6 /* Pods */,
				4877A971DBE91F529FB629CE /* Frameworks */,
			);
			sourceTree = "<group>";
		};
		AEC65ED129C098C8006E8177 /* Products */ = {
			isa = PBXGroup;
			children = (
				AEC65ED029C098C8006E8177 /* Diary.app */,
			);
			name = Products;
			sourceTree = "<group>";
		};
		AEC65ED229C098C8006E8177 /* Diary */ = {
			isa = PBXGroup;
			children = (
				AEEF09A229C09DAE0029CC46 /* App */,
				AEEF099D29C09C2D0029CC46 /* Common */,
				AEC65EED29C09A45006E8177 /* Model */,
				AEEF09A329C09DC40029CC46 /* View */,
				AEE5A9A229D4189800902999 /* ViewModel */,
				AEC65EDF29C098C9006E8177 /* Assets.xcassets */,
				AEC65EE129C098C9006E8177 /* LaunchScreen.storyboard */,
				AEC65EE429C098C9006E8177 /* Info.plist */,
				AEC65EDC29C098C8006E8177 /* DiaryDAO.xcdatamodeld */,
			);
			path = Diary;
			sourceTree = "<group>";
		};
		AEC65EED29C09A45006E8177 /* Model */ = {
			isa = PBXGroup;
			children = (
				AEEF099B29C09BA00029CC46 /* Diary.swift */,
			);
			path = Model;
			sourceTree = "<group>";
		};
		AEE5A9A229D4189800902999 /* ViewModel */ = {
			isa = PBXGroup;
			children = (
				AEE5A9A329D418AD00902999 /* MainViewModel.swift */,
			);
			path = ViewModel;
			sourceTree = "<group>";
		};
		AEEF099D29C09C2D0029CC46 /* Common */ = {
			isa = PBXGroup;
			children = (
				AEEF099E29C09C400029CC46 /* CoreDataManager.swift */,
				AEEF09A029C09D870029CC46 /* CoreDataManageable.swift */,
			);
			path = Common;
			sourceTree = "<group>";
		};
		AEEF09A229C09DAE0029CC46 /* App */ = {
			isa = PBXGroup;
			children = (
				AEC65ED329C098C8006E8177 /* AppDelegate.swift */,
				AEC65ED529C098C8006E8177 /* SceneDelegate.swift */,
			);
			path = App;
			sourceTree = "<group>";
		};
		AEEF09A329C09DC40029CC46 /* View */ = {
			isa = PBXGroup;
			children = (
				AEC65ED729C098C8006E8177 /* MainViewController.swift */,
			);
			path = View;
			sourceTree = "<group>";
		};
/* End PBXGroup section */

/* Begin PBXNativeTarget section */
		AEC65ECF29C098C8006E8177 /* Diary */ = {
			isa = PBXNativeTarget;
			buildConfigurationList = AEC65EE729C098C9006E8177 /* Build configuration list for PBXNativeTarget "Diary" */;
			buildPhases = (
				F7DAB0396593AC394F6BD09C /* [CP] Check Pods Manifest.lock */,
				AEC65ECC29C098C8006E8177 /* Sources */,
				AEC65ECD29C098C8006E8177 /* Frameworks */,
				AEC65ECE29C098C8006E8177 /* Resources */,
				2A2D0E78B39C3A79BDBF7114 /* [CP] Embed Pods Frameworks */,
			);
			buildRules = (
			);
			dependencies = (
			);
			name = Diary;
			productName = Diary;
			productReference = AEC65ED029C098C8006E8177 /* Diary.app */;
			productType = "com.apple.product-type.application";
		};
/* End PBXNativeTarget section */

/* Begin PBXProject section */
		AEC65EC829C098C8006E8177 /* Project object */ = {
			isa = PBXProject;
			attributes = {
				BuildIndependentTargetsInParallel = 1;
				LastSwiftUpdateCheck = 1420;
				LastUpgradeCheck = 1420;
				TargetAttributes = {
					AEC65ECF29C098C8006E8177 = {
						CreatedOnToolsVersion = 14.2;
					};
				};
			};
			buildConfigurationList = AEC65ECB29C098C8006E8177 /* Build configuration list for PBXProject "Diary" */;
			compatibilityVersion = "Xcode 13.0";
			developmentRegion = en;
			hasScannedForEncodings = 0;
			knownRegions = (
				en,
				Base,
			);
			mainGroup = AEC65EC729C098C8006E8177;
			productRefGroup = AEC65ED129C098C8006E8177 /* Products */;
			projectDirPath = "";
			projectRoot = "";
			targets = (
				AEC65ECF29C098C8006E8177 /* Diary */,
			);
		};
/* End PBXProject section */

/* Begin PBXResourcesBuildPhase section */
		AEC65ECE29C098C8006E8177 /* Resources */ = {
			isa = PBXResourcesBuildPhase;
			buildActionMask = 2147483647;
			files = (
				AEC65EE329C098C9006E8177 /* LaunchScreen.storyboard in Resources */,
				AEC65EE029C098C9006E8177 /* Assets.xcassets in Resources */,
			);
			runOnlyForDeploymentPostprocessing = 0;
		};
/* End PBXResourcesBuildPhase section */

/* Begin PBXShellScriptBuildPhase section */
		2A2D0E78B39C3A79BDBF7114 /* [CP] Embed Pods Frameworks */ = {
			isa = PBXShellScriptBuildPhase;
			buildActionMask = 2147483647;
			files = (
			);
			inputFileListPaths = (
				"${PODS_ROOT}/Target Support Files/Pods-Diary/Pods-Diary-frameworks-${CONFIGURATION}-input-files.xcfilelist",
			);
			name = "[CP] Embed Pods Frameworks";
			outputFileListPaths = (
				"${PODS_ROOT}/Target Support Files/Pods-Diary/Pods-Diary-frameworks-${CONFIGURATION}-output-files.xcfilelist",
			);
			runOnlyForDeploymentPostprocessing = 0;
			shellPath = /bin/sh;
			shellScript = "\"${PODS_ROOT}/Target Support Files/Pods-Diary/Pods-Diary-frameworks.sh\"\n";
			showEnvVarsInLog = 0;
		};
		F7DAB0396593AC394F6BD09C /* [CP] Check Pods Manifest.lock */ = {
			isa = PBXShellScriptBuildPhase;
			buildActionMask = 2147483647;
			files = (
			);
			inputFileListPaths = (
			);
			inputPaths = (
				"${PODS_PODFILE_DIR_PATH}/Podfile.lock",
				"${PODS_ROOT}/Manifest.lock",
			);
			name = "[CP] Check Pods Manifest.lock";
			outputFileListPaths = (
			);
			outputPaths = (
				"$(DERIVED_FILE_DIR)/Pods-Diary-checkManifestLockResult.txt",
			);
			runOnlyForDeploymentPostprocessing = 0;
			shellPath = /bin/sh;
			shellScript = "diff \"${PODS_PODFILE_DIR_PATH}/Podfile.lock\" \"${PODS_ROOT}/Manifest.lock\" > /dev/null\nif [ $? != 0 ] ; then\n    # print error to STDERR\n    echo \"error: The sandbox is not in sync with the Podfile.lock. Run 'pod install' or update your CocoaPods installation.\" >&2\n    exit 1\nfi\n# This output is used by Xcode 'outputs' to avoid re-running this script phase.\necho \"SUCCESS\" > \"${SCRIPT_OUTPUT_FILE_0}\"\n";
			showEnvVarsInLog = 0;
		};
/* End PBXShellScriptBuildPhase section */

/* Begin PBXSourcesBuildPhase section */
		AEC65ECC29C098C8006E8177 /* Sources */ = {
			isa = PBXSourcesBuildPhase;
			buildActionMask = 2147483647;
			files = (
				AEEF099F29C09C400029CC46 /* CoreDataManager.swift in Sources */,
				AEEF09A129C09D870029CC46 /* CoreDataManageable.swift in Sources */,
				AEC65ED829C098C8006E8177 /* MainViewController.swift in Sources */,
				AEEF099C29C09BA00029CC46 /* Diary.swift in Sources */,
				AEC65ED429C098C8006E8177 /* AppDelegate.swift in Sources */,
				AEC65ED629C098C8006E8177 /* SceneDelegate.swift in Sources */,
				AEC65EDE29C098C8006E8177 /* DiaryDAO.xcdatamodeld in Sources */,
				AEE5A9A429D418AD00902999 /* MainViewModel.swift in Sources */,
			);
			runOnlyForDeploymentPostprocessing = 0;
		};
/* End PBXSourcesBuildPhase section */

/* Begin PBXVariantGroup section */
		AEC65EE129C098C9006E8177 /* LaunchScreen.storyboard */ = {
			isa = PBXVariantGroup;
			children = (
				AEC65EE229C098C9006E8177 /* Base */,
			);
			name = LaunchScreen.storyboard;
			sourceTree = "<group>";
		};
/* End PBXVariantGroup section */

/* Begin XCBuildConfiguration section */
		AEC65EE529C098C9006E8177 /* Debug */ = {
			isa = XCBuildConfiguration;
			buildSettings = {
				ALWAYS_SEARCH_USER_PATHS = NO;
				CLANG_ANALYZER_NONNULL = YES;
				CLANG_ANALYZER_NUMBER_OBJECT_CONVERSION = YES_AGGRESSIVE;
				CLANG_CXX_LANGUAGE_STANDARD = "gnu++20";
				CLANG_ENABLE_MODULES = YES;
				CLANG_ENABLE_OBJC_ARC = YES;
				CLANG_ENABLE_OBJC_WEAK = YES;
				CLANG_WARN_BLOCK_CAPTURE_AUTORELEASING = YES;
				CLANG_WARN_BOOL_CONVERSION = YES;
				CLANG_WARN_COMMA = YES;
				CLANG_WARN_CONSTANT_CONVERSION = YES;
				CLANG_WARN_DEPRECATED_OBJC_IMPLEMENTATIONS = YES;
				CLANG_WARN_DIRECT_OBJC_ISA_USAGE = YES_ERROR;
				CLANG_WARN_DOCUMENTATION_COMMENTS = YES;
				CLANG_WARN_EMPTY_BODY = YES;
				CLANG_WARN_ENUM_CONVERSION = YES;
				CLANG_WARN_INFINITE_RECURSION = YES;
				CLANG_WARN_INT_CONVERSION = YES;
				CLANG_WARN_NON_LITERAL_NULL_CONVERSION = YES;
				CLANG_WARN_OBJC_IMPLICIT_RETAIN_SELF = YES;
				CLANG_WARN_OBJC_LITERAL_CONVERSION = YES;
				CLANG_WARN_OBJC_ROOT_CLASS = YES_ERROR;
				CLANG_WARN_QUOTED_INCLUDE_IN_FRAMEWORK_HEADER = YES;
				CLANG_WARN_RANGE_LOOP_ANALYSIS = YES;
				CLANG_WARN_STRICT_PROTOTYPES = YES;
				CLANG_WARN_SUSPICIOUS_MOVE = YES;
				CLANG_WARN_UNGUARDED_AVAILABILITY = YES_AGGRESSIVE;
				CLANG_WARN_UNREACHABLE_CODE = YES;
				CLANG_WARN__DUPLICATE_METHOD_MATCH = YES;
				COPY_PHASE_STRIP = NO;
				DEBUG_INFORMATION_FORMAT = dwarf;
				ENABLE_STRICT_OBJC_MSGSEND = YES;
				ENABLE_TESTABILITY = YES;
				GCC_C_LANGUAGE_STANDARD = gnu11;
				GCC_DYNAMIC_NO_PIC = NO;
				GCC_NO_COMMON_BLOCKS = YES;
				GCC_OPTIMIZATION_LEVEL = 0;
				GCC_PREPROCESSOR_DEFINITIONS = (
					"DEBUG=1",
					"$(inherited)",
				);
				GCC_WARN_64_TO_32_BIT_CONVERSION = YES;
				GCC_WARN_ABOUT_RETURN_TYPE = YES_ERROR;
				GCC_WARN_UNDECLARED_SELECTOR = YES;
				GCC_WARN_UNINITIALIZED_AUTOS = YES_AGGRESSIVE;
				GCC_WARN_UNUSED_FUNCTION = YES;
				GCC_WARN_UNUSED_VARIABLE = YES;
				IPHONEOS_DEPLOYMENT_TARGET = 16.2;
				MTL_ENABLE_DEBUG_INFO = INCLUDE_SOURCE;
				MTL_FAST_MATH = YES;
				ONLY_ACTIVE_ARCH = YES;
				SDKROOT = iphoneos;
				SWIFT_ACTIVE_COMPILATION_CONDITIONS = DEBUG;
				SWIFT_OPTIMIZATION_LEVEL = "-Onone";
			};
			name = Debug;
		};
		AEC65EE629C098C9006E8177 /* Release */ = {
			isa = XCBuildConfiguration;
			buildSettings = {
				ALWAYS_SEARCH_USER_PATHS = NO;
				CLANG_ANALYZER_NONNULL = YES;
				CLANG_ANALYZER_NUMBER_OBJECT_CONVERSION = YES_AGGRESSIVE;
				CLANG_CXX_LANGUAGE_STANDARD = "gnu++20";
				CLANG_ENABLE_MODULES = YES;
				CLANG_ENABLE_OBJC_ARC = YES;
				CLANG_ENABLE_OBJC_WEAK = YES;
				CLANG_WARN_BLOCK_CAPTURE_AUTORELEASING = YES;
				CLANG_WARN_BOOL_CONVERSION = YES;
				CLANG_WARN_COMMA = YES;
				CLANG_WARN_CONSTANT_CONVERSION = YES;
				CLANG_WARN_DEPRECATED_OBJC_IMPLEMENTATIONS = YES;
				CLANG_WARN_DIRECT_OBJC_ISA_USAGE = YES_ERROR;
				CLANG_WARN_DOCUMENTATION_COMMENTS = YES;
				CLANG_WARN_EMPTY_BODY = YES;
				CLANG_WARN_ENUM_CONVERSION = YES;
				CLANG_WARN_INFINITE_RECURSION = YES;
				CLANG_WARN_INT_CONVERSION = YES;
				CLANG_WARN_NON_LITERAL_NULL_CONVERSION = YES;
				CLANG_WARN_OBJC_IMPLICIT_RETAIN_SELF = YES;
				CLANG_WARN_OBJC_LITERAL_CONVERSION = YES;
				CLANG_WARN_OBJC_ROOT_CLASS = YES_ERROR;
				CLANG_WARN_QUOTED_INCLUDE_IN_FRAMEWORK_HEADER = YES;
				CLANG_WARN_RANGE_LOOP_ANALYSIS = YES;
				CLANG_WARN_STRICT_PROTOTYPES = YES;
				CLANG_WARN_SUSPICIOUS_MOVE = YES;
				CLANG_WARN_UNGUARDED_AVAILABILITY = YES_AGGRESSIVE;
				CLANG_WARN_UNREACHABLE_CODE = YES;
				CLANG_WARN__DUPLICATE_METHOD_MATCH = YES;
				COPY_PHASE_STRIP = NO;
				DEBUG_INFORMATION_FORMAT = "dwarf-with-dsym";
				ENABLE_NS_ASSERTIONS = NO;
				ENABLE_STRICT_OBJC_MSGSEND = YES;
				GCC_C_LANGUAGE_STANDARD = gnu11;
				GCC_NO_COMMON_BLOCKS = YES;
				GCC_WARN_64_TO_32_BIT_CONVERSION = YES;
				GCC_WARN_ABOUT_RETURN_TYPE = YES_ERROR;
				GCC_WARN_UNDECLARED_SELECTOR = YES;
				GCC_WARN_UNINITIALIZED_AUTOS = YES_AGGRESSIVE;
				GCC_WARN_UNUSED_FUNCTION = YES;
				GCC_WARN_UNUSED_VARIABLE = YES;
				IPHONEOS_DEPLOYMENT_TARGET = 16.2;
				MTL_ENABLE_DEBUG_INFO = NO;
				MTL_FAST_MATH = YES;
				SDKROOT = iphoneos;
				SWIFT_COMPILATION_MODE = wholemodule;
				SWIFT_OPTIMIZATION_LEVEL = "-O";
				VALIDATE_PRODUCT = YES;
			};
			name = Release;
		};
		AEC65EE829C098C9006E8177 /* Debug */ = {
			isa = XCBuildConfiguration;
			baseConfigurationReference = 67F72A0F8089FF02FEF4CBCA /* Pods-Diary.debug.xcconfig */;
			buildSettings = {
				ASSETCATALOG_COMPILER_APPICON_NAME = AppIcon;
				ASSETCATALOG_COMPILER_GLOBAL_ACCENT_COLOR_NAME = AccentColor;
				CODE_SIGN_STYLE = Automatic;
				CURRENT_PROJECT_VERSION = 1;
				GENERATE_INFOPLIST_FILE = YES;
				INFOPLIST_FILE = Diary/Info.plist;
				INFOPLIST_KEY_UIApplicationSupportsIndirectInputEvents = YES;
				INFOPLIST_KEY_UILaunchStoryboardName = LaunchScreen;
				INFOPLIST_KEY_UISupportedInterfaceOrientations_iPad = "UIInterfaceOrientationPortrait UIInterfaceOrientationPortraitUpsideDown UIInterfaceOrientationLandscapeLeft UIInterfaceOrientationLandscapeRight";
				INFOPLIST_KEY_UISupportedInterfaceOrientations_iPhone = "UIInterfaceOrientationPortrait UIInterfaceOrientationLandscapeLeft UIInterfaceOrientationLandscapeRight";
				LD_RUNPATH_SEARCH_PATHS = (
					"$(inherited)",
					"@executable_path/Frameworks",
				);
				MARKETING_VERSION = 1.0;
				PRODUCT_BUNDLE_IDENTIFIER = kr.co.jsa.Diary;
				PRODUCT_NAME = "$(TARGET_NAME)";
				SWIFT_EMIT_LOC_STRINGS = YES;
				SWIFT_VERSION = 5.0;
				TARGETED_DEVICE_FAMILY = "1,2";
			};
			name = Debug;
		};
		AEC65EE929C098C9006E8177 /* Release */ = {
			isa = XCBuildConfiguration;
			baseConfigurationReference = 3A5636881F635071074A7595 /* Pods-Diary.release.xcconfig */;
			buildSettings = {
				ASSETCATALOG_COMPILER_APPICON_NAME = AppIcon;
				ASSETCATALOG_COMPILER_GLOBAL_ACCENT_COLOR_NAME = AccentColor;
				CODE_SIGN_STYLE = Automatic;
				CURRENT_PROJECT_VERSION = 1;
				GENERATE_INFOPLIST_FILE = YES;
				INFOPLIST_FILE = Diary/Info.plist;
				INFOPLIST_KEY_UIApplicationSupportsIndirectInputEvents = YES;
				INFOPLIST_KEY_UILaunchStoryboardName = LaunchScreen;
				INFOPLIST_KEY_UISupportedInterfaceOrientations_iPad = "UIInterfaceOrientationPortrait UIInterfaceOrientationPortraitUpsideDown UIInterfaceOrientationLandscapeLeft UIInterfaceOrientationLandscapeRight";
				INFOPLIST_KEY_UISupportedInterfaceOrientations_iPhone = "UIInterfaceOrientationPortrait UIInterfaceOrientationLandscapeLeft UIInterfaceOrientationLandscapeRight";
				LD_RUNPATH_SEARCH_PATHS = (
					"$(inherited)",
					"@executable_path/Frameworks",
				);
				MARKETING_VERSION = 1.0;
				PRODUCT_BUNDLE_IDENTIFIER = kr.co.jsa.Diary;
				PRODUCT_NAME = "$(TARGET_NAME)";
				SWIFT_EMIT_LOC_STRINGS = YES;
				SWIFT_VERSION = 5.0;
				TARGETED_DEVICE_FAMILY = "1,2";
			};
			name = Release;
		};
/* End XCBuildConfiguration section */

/* Begin XCConfigurationList section */
		AEC65ECB29C098C8006E8177 /* Build configuration list for PBXProject "Diary" */ = {
			isa = XCConfigurationList;
			buildConfigurations = (
				AEC65EE529C098C9006E8177 /* Debug */,
				AEC65EE629C098C9006E8177 /* Release */,
			);
			defaultConfigurationIsVisible = 0;
			defaultConfigurationName = Release;
		};
		AEC65EE729C098C9006E8177 /* Build configuration list for PBXNativeTarget "Diary" */ = {
			isa = XCConfigurationList;
			buildConfigurations = (
				AEC65EE829C098C9006E8177 /* Debug */,
				AEC65EE929C098C9006E8177 /* Release */,
			);
			defaultConfigurationIsVisible = 0;
			defaultConfigurationName = Release;
		};
/* End XCConfigurationList section */

/* Begin XCVersionGroup section */
		AEC65EDC29C098C8006E8177 /* DiaryDAO.xcdatamodeld */ = {
			isa = XCVersionGroup;
			children = (
				AEC65EDD29C098C8006E8177 /* Diary.xcdatamodel */,
			);
			currentVersion = AEC65EDD29C098C8006E8177 /* Diary.xcdatamodel */;
			path = DiaryDAO.xcdatamodeld;
			sourceTree = "<group>";
			versionGroupType = wrapper.xcdatamodel;
		};
/* End XCVersionGroup section */
	};
	rootObject = AEC65EC829C098C8006E8177 /* Project object */;
}
